
Microsoft Visual Studio Solution File, Format Version 12.00
# Visual Studio 14
VisualStudioVersion = 14.0.25420.1
MinimumVisualStudioVersion = 10.0.40219.1
Project("{FAE04EC0-301F-11D3-BF4B-00C04F79EFBC}") = "robot.dad.game", "robot.dad.game\robot.dad.game.csproj", "{D6D7D978-2E6F-40A7-AD5E-0F8D32FBFA9D}"
EndProject
Project("{FAE04EC0-301F-11D3-BF4B-00C04F79EFBC}") = "robot.dad.combat", "robot.dad.combat\robot.dad.combat.csproj", "{75A46945-48F3-41B7-9B72-1EE07CA0297B}"
EndProject
Project("{FAE04EC0-301F-11D3-BF4B-00C04F79EFBC}") = "robot.dad.tests", "robot.dad.tests\robot.dad.tests.csproj", "{4E2D3404-4EE6-407E-9830-7D88EF285116}"
EndProject
Project("{FAE04EC0-301F-11D3-BF4B-00C04F79EFBC}") = "robot.dad.world", "robot.dad.world\robot.dad.world.csproj", "{87B1482D-62BC-4524-BD81-8DE6F9F44FAE}"
EndProject
Project("{FAE04EC0-301F-11D3-BF4B-00C04F79EFBC}") = "robot.dad.worldbuilder", "robot.dad.worldbuilder\robot.dad.worldbuilder.csproj", "{EEB25D87-91FE-44DA-A6EF-1A01DA86E5DF}"
EndProject
Project("{FAE04EC0-301F-11D3-BF4B-00C04F79EFBC}") = "SimplexNoise", "SimplexNoise\SimplexNoise.csproj", "{733B3143-822A-41B7-A021-9BF7AE84C2D5}"
EndProject
Project("{FAE04EC0-301F-11D3-BF4B-00C04F79EFBC}") = "robot.dad.graphics", "robot.dad.graphics\robot.dad.graphics.csproj", "{D5B98C37-3714-4935-A61C-B467011E25DA}"
EndProject
Project("{FAE04EC0-301F-11D3-BF4B-00C04F79EFBC}") = "HexGrid", "HexGrid\HexGrid.csproj", "{730CE1A8-6F93-424D-AAF1-057182BC21EF}"
EndProject
Global
	GlobalSection(SolutionConfigurationPlatforms) = preSolution
		Debug|Any CPU = Debug|Any CPU
		Debug|x86 = Debug|x86
		NuGet|Any CPU = NuGet|Any CPU
		NuGet|x86 = NuGet|x86
		Release|Any CPU = Release|Any CPU
		Release|x86 = Release|x86
	EndGlobalSection
	GlobalSection(ProjectConfigurationPlatforms) = postSolution
		{D6D7D978-2E6F-40A7-AD5E-0F8D32FBFA9D}.Debug|Any CPU.ActiveCfg = Debug|Any CPU
		{D6D7D978-2E6F-40A7-AD5E-0F8D32FBFA9D}.Debug|Any CPU.Build.0 = Debug|Any CPU
		{D6D7D978-2E6F-40A7-AD5E-0F8D32FBFA9D}.Debug|x86.ActiveCfg = Debug|Any CPU
		{D6D7D978-2E6F-40A7-AD5E-0F8D32FBFA9D}.Debug|x86.Build.0 = Debug|Any CPU
		{D6D7D978-2E6F-40A7-AD5E-0F8D32FBFA9D}.NuGet|Any CPU.ActiveCfg = Release|Any CPU
		{D6D7D978-2E6F-40A7-AD5E-0F8D32FBFA9D}.NuGet|Any CPU.Build.0 = Release|Any CPU
		{D6D7D978-2E6F-40A7-AD5E-0F8D32FBFA9D}.NuGet|x86.ActiveCfg = Release|Any CPU
		{D6D7D978-2E6F-40A7-AD5E-0F8D32FBFA9D}.NuGet|x86.Build.0 = Release|Any CPU
		{D6D7D978-2E6F-40A7-AD5E-0F8D32FBFA9D}.Release|Any CPU.ActiveCfg = Release|Any CPU
		{D6D7D978-2E6F-40A7-AD5E-0F8D32FBFA9D}.Release|Any CPU.Build.0 = Release|Any CPU
		{D6D7D978-2E6F-40A7-AD5E-0F8D32FBFA9D}.Release|x86.ActiveCfg = Release|Any CPU
		{D6D7D978-2E6F-40A7-AD5E-0F8D32FBFA9D}.Release|x86.Build.0 = Release|Any CPU
		{75A46945-48F3-41B7-9B72-1EE07CA0297B}.Debug|Any CPU.ActiveCfg = Debug|Any CPU
		{75A46945-48F3-41B7-9B72-1EE07CA0297B}.Debug|Any CPU.Build.0 = Debug|Any CPU
		{75A46945-48F3-41B7-9B72-1EE07CA0297B}.Debug|x86.ActiveCfg = Debug|Any CPU
		{75A46945-48F3-41B7-9B72-1EE07CA0297B}.Debug|x86.Build.0 = Debug|Any CPU
		{75A46945-48F3-41B7-9B72-1EE07CA0297B}.NuGet|Any CPU.ActiveCfg = Release|Any CPU
		{75A46945-48F3-41B7-9B72-1EE07CA0297B}.NuGet|Any CPU.Build.0 = Release|Any CPU
		{75A46945-48F3-41B7-9B72-1EE07CA0297B}.NuGet|x86.ActiveCfg = Release|Any CPU
		{75A46945-48F3-41B7-9B72-1EE07CA0297B}.NuGet|x86.Build.0 = Release|Any CPU
		{75A46945-48F3-41B7-9B72-1EE07CA0297B}.Release|Any CPU.ActiveCfg = Release|Any CPU
		{75A46945-48F3-41B7-9B72-1EE07CA0297B}.Release|Any CPU.Build.0 = Release|Any CPU
		{75A46945-48F3-41B7-9B72-1EE07CA0297B}.Release|x86.ActiveCfg = Release|Any CPU
		{75A46945-48F3-41B7-9B72-1EE07CA0297B}.Release|x86.Build.0 = Release|Any CPU
		{4E2D3404-4EE6-407E-9830-7D88EF285116}.Debug|Any CPU.ActiveCfg = Debug|Any CPU
		{4E2D3404-4EE6-407E-9830-7D88EF285116}.Debug|Any CPU.Build.0 = Debug|Any CPU
		{4E2D3404-4EE6-407E-9830-7D88EF285116}.Debug|x86.ActiveCfg = Debug|Any CPU
		{4E2D3404-4EE6-407E-9830-7D88EF285116}.Debug|x86.Build.0 = Debug|Any CPU
		{4E2D3404-4EE6-407E-9830-7D88EF285116}.NuGet|Any CPU.ActiveCfg = Release|Any CPU
		{4E2D3404-4EE6-407E-9830-7D88EF285116}.NuGet|Any CPU.Build.0 = Release|Any CPU
		{4E2D3404-4EE6-407E-9830-7D88EF285116}.NuGet|x86.ActiveCfg = Release|Any CPU
		{4E2D3404-4EE6-407E-9830-7D88EF285116}.NuGet|x86.Build.0 = Release|Any CPU
		{4E2D3404-4EE6-407E-9830-7D88EF285116}.Release|Any CPU.ActiveCfg = Release|Any CPU
		{4E2D3404-4EE6-407E-9830-7D88EF285116}.Release|Any CPU.Build.0 = Release|Any CPU
		{4E2D3404-4EE6-407E-9830-7D88EF285116}.Release|x86.ActiveCfg = Release|Any CPU
		{4E2D3404-4EE6-407E-9830-7D88EF285116}.Release|x86.Build.0 = Release|Any CPU
		{87B1482D-62BC-4524-BD81-8DE6F9F44FAE}.Debug|Any CPU.ActiveCfg = Debug|Any CPU
		{87B1482D-62BC-4524-BD81-8DE6F9F44FAE}.Debug|Any CPU.Build.0 = Debug|Any CPU
		{87B1482D-62BC-4524-BD81-8DE6F9F44FAE}.Debug|x86.ActiveCfg = Debug|Any CPU
		{87B1482D-62BC-4524-BD81-8DE6F9F44FAE}.Debug|x86.Build.0 = Debug|Any CPU
		{87B1482D-62BC-4524-BD81-8DE6F9F44FAE}.NuGet|Any CPU.ActiveCfg = Release|Any CPU
		{87B1482D-62BC-4524-BD81-8DE6F9F44FAE}.NuGet|Any CPU.Build.0 = Release|Any CPU
		{87B1482D-62BC-4524-BD81-8DE6F9F44FAE}.NuGet|x86.ActiveCfg = Release|Any CPU
		{87B1482D-62BC-4524-BD81-8DE6F9F44FAE}.NuGet|x86.Build.0 = Release|Any CPU
		{87B1482D-62BC-4524-BD81-8DE6F9F44FAE}.Release|Any CPU.ActiveCfg = Release|Any CPU
		{87B1482D-62BC-4524-BD81-8DE6F9F44FAE}.Release|Any CPU.Build.0 = Release|Any CPU
		{87B1482D-62BC-4524-BD81-8DE6F9F44FAE}.Release|x86.ActiveCfg = Release|Any CPU
		{87B1482D-62BC-4524-BD81-8DE6F9F44FAE}.Release|x86.Build.0 = Release|Any CPU
		{EEB25D87-91FE-44DA-A6EF-1A01DA86E5DF}.Debug|Any CPU.ActiveCfg = Debug|Any CPU
		{EEB25D87-91FE-44DA-A6EF-1A01DA86E5DF}.Debug|Any CPU.Build.0 = Debug|Any CPU
		{EEB25D87-91FE-44DA-A6EF-1A01DA86E5DF}.Debug|x86.ActiveCfg = Debug|Any CPU
		{EEB25D87-91FE-44DA-A6EF-1A01DA86E5DF}.Debug|x86.Build.0 = Debug|Any CPU
		{EEB25D87-91FE-44DA-A6EF-1A01DA86E5DF}.NuGet|Any CPU.ActiveCfg = Release|Any CPU
		{EEB25D87-91FE-44DA-A6EF-1A01DA86E5DF}.NuGet|Any CPU.Build.0 = Release|Any CPU
		{EEB25D87-91FE-44DA-A6EF-1A01DA86E5DF}.NuGet|x86.ActiveCfg = Release|Any CPU
		{EEB25D87-91FE-44DA-A6EF-1A01DA86E5DF}.NuGet|x86.Build.0 = Release|Any CPU
		{EEB25D87-91FE-44DA-A6EF-1A01DA86E5DF}.Release|Any CPU.ActiveCfg = Release|Any CPU
		{EEB25D87-91FE-44DA-A6EF-1A01DA86E5DF}.Release|Any CPU.Build.0 = Release|Any CPU
		{EEB25D87-91FE-44DA-A6EF-1A01DA86E5DF}.Release|x86.ActiveCfg = Release|Any CPU
		{EEB25D87-91FE-44DA-A6EF-1A01DA86E5DF}.Release|x86.Build.0 = Release|Any CPU
		{733B3143-822A-41B7-A021-9BF7AE84C2D5}.Debug|Any CPU.ActiveCfg = Debug|Any CPU
		{733B3143-822A-41B7-A021-9BF7AE84C2D5}.Debug|Any CPU.Build.0 = Debug|Any CPU
		{733B3143-822A-41B7-A021-9BF7AE84C2D5}.Debug|x86.ActiveCfg = Debug|Any CPU
		{733B3143-822A-41B7-A021-9BF7AE84C2D5}.Debug|x86.Build.0 = Debug|Any CPU
		{733B3143-822A-41B7-A021-9BF7AE84C2D5}.NuGet|Any CPU.ActiveCfg = Release|Any CPU
		{733B3143-822A-41B7-A021-9BF7AE84C2D5}.NuGet|Any CPU.Build.0 = Release|Any CPU
		{733B3143-822A-41B7-A021-9BF7AE84C2D5}.NuGet|x86.ActiveCfg = Release|Any CPU
		{733B3143-822A-41B7-A021-9BF7AE84C2D5}.NuGet|x86.Build.0 = Release|Any CPU
		{733B3143-822A-41B7-A021-9BF7AE84C2D5}.Release|Any CPU.ActiveCfg = Release|Any CPU
		{733B3143-822A-41B7-A021-9BF7AE84C2D5}.Release|Any CPU.Build.0 = Release|Any CPU
		{733B3143-822A-41B7-A021-9BF7AE84C2D5}.Release|x86.ActiveCfg = Release|Any CPU
		{733B3143-822A-41B7-A021-9BF7AE84C2D5}.Release|x86.Build.0 = Release|Any CPU
		{D5B98C37-3714-4935-A61C-B467011E25DA}.Debug|Any CPU.ActiveCfg = Debug|Any CPU
		{D5B98C37-3714-4935-A61C-B467011E25DA}.Debug|Any CPU.Build.0 = Debug|Any CPU
		{D5B98C37-3714-4935-A61C-B467011E25DA}.Debug|x86.ActiveCfg = Debug|Any CPU
		{D5B98C37-3714-4935-A61C-B467011E25DA}.Debug|x86.Build.0 = Debug|Any CPU
		{D5B98C37-3714-4935-A61C-B467011E25DA}.NuGet|Any CPU.ActiveCfg = Release|Any CPU
		{D5B98C37-3714-4935-A61C-B467011E25DA}.NuGet|Any CPU.Build.0 = Release|Any CPU
		{D5B98C37-3714-4935-A61C-B467011E25DA}.NuGet|x86.ActiveCfg = Release|Any CPU
		{D5B98C37-3714-4935-A61C-B467011E25DA}.NuGet|x86.Build.0 = Release|Any CPU
		{D5B98C37-3714-4935-A61C-B467011E25DA}.Release|Any CPU.ActiveCfg = Release|Any CPU
		{D5B98C37-3714-4935-A61C-B467011E25DA}.Release|Any CPU.Build.0 = Release|Any CPU
		{D5B98C37-3714-4935-A61C-B467011E25DA}.Release|x86.ActiveCfg = Release|Any CPU
		{D5B98C37-3714-4935-A61C-B467011E25DA}.Release|x86.Build.0 = Release|Any CPU
		{730CE1A8-6F93-424D-AAF1-057182BC21EF}.Debug|Any CPU.ActiveCfg = Debug|Any CPU
		{730CE1A8-6F93-424D-AAF1-057182BC21EF}.Debug|Any CPU.Build.0 = Debug|Any CPU
		{730CE1A8-6F93-424D-AAF1-057182BC21EF}.Debug|x86.ActiveCfg = Debug|Any CPU
		{730CE1A8-6F93-424D-AAF1-057182BC21EF}.Debug|x86.Build.0 = Debug|Any CPU
		{730CE1A8-6F93-424D-AAF1-057182BC21EF}.NuGet|Any CPU.ActiveCfg = Release|Any CPU
		{730CE1A8-6F93-424D-AAF1-057182BC21EF}.NuGet|Any CPU.Build.0 = Release|Any CPU
		{730CE1A8-6F93-424D-AAF1-057182BC21EF}.NuGet|x86.ActiveCfg = Release|Any CPU
		{730CE1A8-6F93-424D-AAF1-057182BC21EF}.NuGet|x86.Build.0 = Release|Any CPU
		{730CE1A8-6F93-424D-AAF1-057182BC21EF}.Release|Any CPU.ActiveCfg = Release|Any CPU
		{730CE1A8-6F93-424D-AAF1-057182BC21EF}.Release|Any CPU.Build.0 = Release|Any CPU
		{730CE1A8-6F93-424D-AAF1-057182BC21EF}.Release|x86.ActiveCfg = Release|Any CPU
		{730CE1A8-6F93-424D-AAF1-057182BC21EF}.Release|x86.Build.0 = Release|Any CPU
	EndGlobalSection
	GlobalSection(SolutionProperties) = preSolution
		HideSolutionNode = FALSE
	EndGlobalSection
EndGlobal
