
Microsoft Visual Studio Solution File, Format Version 12.00
# Visual Studio 15
VisualStudioVersion = 15.0.26228.10
MinimumVisualStudioVersion = 10.0.40219.1
Project("{FAE04EC0-301F-11D3-BF4B-00C04F79EFBC}") = "robot.dad.game", "robot.dad.game\robot.dad.game.csproj", "{D6D7D978-2E6F-40A7-AD5E-0F8D32FBFA9D}"
EndProject
Project("{FAE04EC0-301F-11D3-BF4B-00C04F79EFBC}") = "robot.dad.combat", "robot.dad.combat\robot.dad.combat.csproj", "{75A46945-48F3-41B7-9B72-1EE07CA0297B}"
EndProject
Project("{FAE04EC0-301F-11D3-BF4B-00C04F79EFBC}") = "robot.dad.tests", "robot.dad.tests\robot.dad.tests.csproj", "{4E2D3404-4EE6-407E-9830-7D88EF285116}"
EndProject
Project("{FAE04EC0-301F-11D3-BF4B-00C04F79EFBC}") = "robot.dad.worldbuilder", "robot.dad.worldbuilder\robot.dad.worldbuilder.csproj", "{EEB25D87-91FE-44DA-A6EF-1A01DA86E5DF}"
EndProject
Project("{FAE04EC0-301F-11D3-BF4B-00C04F79EFBC}") = "SimplexNoise", "SimplexNoise\SimplexNoise.csproj", "{733B3143-822A-41B7-A021-9BF7AE84C2D5}"
EndProject
Project("{FAE04EC0-301F-11D3-BF4B-00C04F79EFBC}") = "robot.dad.graphics", "robot.dad.graphics\robot.dad.graphics.csproj", "{D5B98C37-3714-4935-A61C-B467011E25DA}"
EndProject
Project("{FAE04EC0-301F-11D3-BF4B-00C04F79EFBC}") = "HexGrid", "HexGrid\HexGrid.csproj", "{730CE1A8-6F93-424D-AAF1-057182BC21EF}"
EndProject
Project("{FAE04EC0-301F-11D3-BF4B-00C04F79EFBC}") = "Otter", "otter\Otter.csproj", "{236485C2-A7BA-4DCD-808A-B3A634764402}"
EndProject
Project("{2150E333-8FDC-42A3-9474-1A3956D46DE8}") = "ReferenceAssemblies", "ReferenceAssemblies", "{BC62BA58-55E9-49D1-83C0-D5F6CCA0D686}"
	ProjectSection(SolutionItems) = preProject
		ReferenceAssemblies\csfml-audio-2.dll = ReferenceAssemblies\csfml-audio-2.dll
		ReferenceAssemblies\csfml-graphics-2.dll = ReferenceAssemblies\csfml-graphics-2.dll
		ReferenceAssemblies\csfml-network-2.dll = ReferenceAssemblies\csfml-network-2.dll
		ReferenceAssemblies\csfml-system-2.dll = ReferenceAssemblies\csfml-system-2.dll
		ReferenceAssemblies\csfml-window-2.dll = ReferenceAssemblies\csfml-window-2.dll
		ReferenceAssemblies\libsndfile-1.dll = ReferenceAssemblies\libsndfile-1.dll
		ReferenceAssemblies\openal32.dll = ReferenceAssemblies\openal32.dll
		ReferenceAssemblies\packages.config = ReferenceAssemblies\packages.config
		ReferenceAssemblies\sfmlnet-audio-2.dll = ReferenceAssemblies\sfmlnet-audio-2.dll
		ReferenceAssemblies\sfmlnet-audio-2.dll.config = ReferenceAssemblies\sfmlnet-audio-2.dll.config
		ReferenceAssemblies\sfmlnet-graphics-2.dll = ReferenceAssemblies\sfmlnet-graphics-2.dll
		ReferenceAssemblies\sfmlnet-graphics-2.dll.config = ReferenceAssemblies\sfmlnet-graphics-2.dll.config
		ReferenceAssemblies\sfmlnet-system-2.dll = ReferenceAssemblies\sfmlnet-system-2.dll
		ReferenceAssemblies\sfmlnet-window-2.dll = ReferenceAssemblies\sfmlnet-window-2.dll
		ReferenceAssemblies\sfmlnet-window-2.dll.config = ReferenceAssemblies\sfmlnet-window-2.dll.config
	EndProjectSection
EndProject
Project("{FAE04EC0-301F-11D3-BF4B-00C04F79EFBC}") = "CombatTester", "CombatTester\CombatTester.csproj", "{F0600D81-B0C6-436C-BF94-68AFB5A472C5}"
EndProject
Project("{FAE04EC0-301F-11D3-BF4B-00C04F79EFBC}") = "rds", "Loot\rds.csproj", "{3364A51B-ACE9-44A9-9ECD-9CA5EB2248DF}"
EndProject
Project("{FAE04EC0-301F-11D3-BF4B-00C04F79EFBC}") = "robot.dad.common", "robot.dad.common\robot.dad.common.csproj", "{87B1482D-62BC-4524-BD81-8DE6F9F44FAE}"
EndProject
Project("{FAE04EC0-301F-11D3-BF4B-00C04F79EFBC}") = "Nez.FNA", "Nez.FNA\Nez.FNA\Nez.FNA.csproj", "{11A5855C-B12C-4F8D-B935-56F3D0B671C3}"
EndProject
Project("{FAE04EC0-301F-11D3-BF4B-00C04F79EFBC}") = "robot.dad.nez", "robot.dad.nez\robot.dad.nez.csproj", "{924E1768-4B76-4899-8B6F-9AC9CFB71128}"
EndProject
Project("{FAE04EC0-301F-11D3-BF4B-00C04F79EFBC}") = "FNA", "Nez.FNA\FNA\FNA.csproj", "{35253CE1-C864-4CD3-8249-4D1319748E8F}"
EndProject
Project("{FAE04EC0-301F-11D3-BF4B-00C04F79EFBC}") = "robot.dad.quest", "robot.dad.quest\robot.dad.quest.csproj", "{35EC5B5B-683E-4751-B2CD-E5753FCECA4A}"
EndProject
Global
	GlobalSection(SolutionConfigurationPlatforms) = preSolution
		Debug|Any CPU = Debug|Any CPU
		Debug|x64 = Debug|x64
		Debug|x86 = Debug|x86
		NuGet|Any CPU = NuGet|Any CPU
		NuGet|x64 = NuGet|x64
		NuGet|x86 = NuGet|x86
		Release|Any CPU = Release|Any CPU
		Release|x64 = Release|x64
		Release|x86 = Release|x86
	EndGlobalSection
	GlobalSection(ProjectConfigurationPlatforms) = postSolution
		{D6D7D978-2E6F-40A7-AD5E-0F8D32FBFA9D}.Debug|Any CPU.ActiveCfg = Debug|Any CPU
		{D6D7D978-2E6F-40A7-AD5E-0F8D32FBFA9D}.Debug|Any CPU.Build.0 = Debug|Any CPU
		{D6D7D978-2E6F-40A7-AD5E-0F8D32FBFA9D}.Debug|x64.ActiveCfg = Debug|Any CPU
		{D6D7D978-2E6F-40A7-AD5E-0F8D32FBFA9D}.Debug|x64.Build.0 = Debug|Any CPU
		{D6D7D978-2E6F-40A7-AD5E-0F8D32FBFA9D}.Debug|x86.ActiveCfg = Debug|Any CPU
		{D6D7D978-2E6F-40A7-AD5E-0F8D32FBFA9D}.Debug|x86.Build.0 = Debug|Any CPU
		{D6D7D978-2E6F-40A7-AD5E-0F8D32FBFA9D}.NuGet|Any CPU.ActiveCfg = Release|Any CPU
		{D6D7D978-2E6F-40A7-AD5E-0F8D32FBFA9D}.NuGet|Any CPU.Build.0 = Release|Any CPU
		{D6D7D978-2E6F-40A7-AD5E-0F8D32FBFA9D}.NuGet|x64.ActiveCfg = Release|Any CPU
		{D6D7D978-2E6F-40A7-AD5E-0F8D32FBFA9D}.NuGet|x64.Build.0 = Release|Any CPU
		{D6D7D978-2E6F-40A7-AD5E-0F8D32FBFA9D}.NuGet|x86.ActiveCfg = Release|Any CPU
		{D6D7D978-2E6F-40A7-AD5E-0F8D32FBFA9D}.NuGet|x86.Build.0 = Release|Any CPU
		{D6D7D978-2E6F-40A7-AD5E-0F8D32FBFA9D}.Release|Any CPU.ActiveCfg = Release|Any CPU
		{D6D7D978-2E6F-40A7-AD5E-0F8D32FBFA9D}.Release|Any CPU.Build.0 = Release|Any CPU
		{D6D7D978-2E6F-40A7-AD5E-0F8D32FBFA9D}.Release|x64.ActiveCfg = Release|Any CPU
		{D6D7D978-2E6F-40A7-AD5E-0F8D32FBFA9D}.Release|x64.Build.0 = Release|Any CPU
		{D6D7D978-2E6F-40A7-AD5E-0F8D32FBFA9D}.Release|x86.ActiveCfg = Release|Any CPU
		{D6D7D978-2E6F-40A7-AD5E-0F8D32FBFA9D}.Release|x86.Build.0 = Release|Any CPU
		{75A46945-48F3-41B7-9B72-1EE07CA0297B}.Debug|Any CPU.ActiveCfg = Debug|Any CPU
		{75A46945-48F3-41B7-9B72-1EE07CA0297B}.Debug|Any CPU.Build.0 = Debug|Any CPU
		{75A46945-48F3-41B7-9B72-1EE07CA0297B}.Debug|x64.ActiveCfg = Debug|Any CPU
		{75A46945-48F3-41B7-9B72-1EE07CA0297B}.Debug|x64.Build.0 = Debug|Any CPU
		{75A46945-48F3-41B7-9B72-1EE07CA0297B}.Debug|x86.ActiveCfg = Debug|Any CPU
		{75A46945-48F3-41B7-9B72-1EE07CA0297B}.Debug|x86.Build.0 = Debug|Any CPU
		{75A46945-48F3-41B7-9B72-1EE07CA0297B}.NuGet|Any CPU.ActiveCfg = Release|Any CPU
		{75A46945-48F3-41B7-9B72-1EE07CA0297B}.NuGet|Any CPU.Build.0 = Release|Any CPU
		{75A46945-48F3-41B7-9B72-1EE07CA0297B}.NuGet|x64.ActiveCfg = Release|Any CPU
		{75A46945-48F3-41B7-9B72-1EE07CA0297B}.NuGet|x64.Build.0 = Release|Any CPU
		{75A46945-48F3-41B7-9B72-1EE07CA0297B}.NuGet|x86.ActiveCfg = Release|Any CPU
		{75A46945-48F3-41B7-9B72-1EE07CA0297B}.NuGet|x86.Build.0 = Release|Any CPU
		{75A46945-48F3-41B7-9B72-1EE07CA0297B}.Release|Any CPU.ActiveCfg = Release|Any CPU
		{75A46945-48F3-41B7-9B72-1EE07CA0297B}.Release|Any CPU.Build.0 = Release|Any CPU
		{75A46945-48F3-41B7-9B72-1EE07CA0297B}.Release|x64.ActiveCfg = Release|Any CPU
		{75A46945-48F3-41B7-9B72-1EE07CA0297B}.Release|x64.Build.0 = Release|Any CPU
		{75A46945-48F3-41B7-9B72-1EE07CA0297B}.Release|x86.ActiveCfg = Release|Any CPU
		{75A46945-48F3-41B7-9B72-1EE07CA0297B}.Release|x86.Build.0 = Release|Any CPU
		{4E2D3404-4EE6-407E-9830-7D88EF285116}.Debug|Any CPU.ActiveCfg = Debug|Any CPU
		{4E2D3404-4EE6-407E-9830-7D88EF285116}.Debug|Any CPU.Build.0 = Debug|Any CPU
		{4E2D3404-4EE6-407E-9830-7D88EF285116}.Debug|x64.ActiveCfg = Debug|Any CPU
		{4E2D3404-4EE6-407E-9830-7D88EF285116}.Debug|x64.Build.0 = Debug|Any CPU
		{4E2D3404-4EE6-407E-9830-7D88EF285116}.Debug|x86.ActiveCfg = Debug|Any CPU
		{4E2D3404-4EE6-407E-9830-7D88EF285116}.Debug|x86.Build.0 = Debug|Any CPU
		{4E2D3404-4EE6-407E-9830-7D88EF285116}.NuGet|Any CPU.ActiveCfg = Release|Any CPU
		{4E2D3404-4EE6-407E-9830-7D88EF285116}.NuGet|Any CPU.Build.0 = Release|Any CPU
		{4E2D3404-4EE6-407E-9830-7D88EF285116}.NuGet|x64.ActiveCfg = Release|Any CPU
		{4E2D3404-4EE6-407E-9830-7D88EF285116}.NuGet|x64.Build.0 = Release|Any CPU
		{4E2D3404-4EE6-407E-9830-7D88EF285116}.NuGet|x86.ActiveCfg = Release|Any CPU
		{4E2D3404-4EE6-407E-9830-7D88EF285116}.NuGet|x86.Build.0 = Release|Any CPU
		{4E2D3404-4EE6-407E-9830-7D88EF285116}.Release|Any CPU.ActiveCfg = Release|Any CPU
		{4E2D3404-4EE6-407E-9830-7D88EF285116}.Release|Any CPU.Build.0 = Release|Any CPU
		{4E2D3404-4EE6-407E-9830-7D88EF285116}.Release|x64.ActiveCfg = Release|Any CPU
		{4E2D3404-4EE6-407E-9830-7D88EF285116}.Release|x64.Build.0 = Release|Any CPU
		{4E2D3404-4EE6-407E-9830-7D88EF285116}.Release|x86.ActiveCfg = Release|Any CPU
		{4E2D3404-4EE6-407E-9830-7D88EF285116}.Release|x86.Build.0 = Release|Any CPU
		{EEB25D87-91FE-44DA-A6EF-1A01DA86E5DF}.Debug|Any CPU.ActiveCfg = Debug|Any CPU
		{EEB25D87-91FE-44DA-A6EF-1A01DA86E5DF}.Debug|Any CPU.Build.0 = Debug|Any CPU
		{EEB25D87-91FE-44DA-A6EF-1A01DA86E5DF}.Debug|x64.ActiveCfg = Debug|Any CPU
		{EEB25D87-91FE-44DA-A6EF-1A01DA86E5DF}.Debug|x64.Build.0 = Debug|Any CPU
		{EEB25D87-91FE-44DA-A6EF-1A01DA86E5DF}.Debug|x86.ActiveCfg = Debug|Any CPU
		{EEB25D87-91FE-44DA-A6EF-1A01DA86E5DF}.Debug|x86.Build.0 = Debug|Any CPU
		{EEB25D87-91FE-44DA-A6EF-1A01DA86E5DF}.NuGet|Any CPU.ActiveCfg = Release|Any CPU
		{EEB25D87-91FE-44DA-A6EF-1A01DA86E5DF}.NuGet|Any CPU.Build.0 = Release|Any CPU
		{EEB25D87-91FE-44DA-A6EF-1A01DA86E5DF}.NuGet|x64.ActiveCfg = Release|Any CPU
		{EEB25D87-91FE-44DA-A6EF-1A01DA86E5DF}.NuGet|x64.Build.0 = Release|Any CPU
		{EEB25D87-91FE-44DA-A6EF-1A01DA86E5DF}.NuGet|x86.ActiveCfg = Release|Any CPU
		{EEB25D87-91FE-44DA-A6EF-1A01DA86E5DF}.NuGet|x86.Build.0 = Release|Any CPU
		{EEB25D87-91FE-44DA-A6EF-1A01DA86E5DF}.Release|Any CPU.ActiveCfg = Release|Any CPU
		{EEB25D87-91FE-44DA-A6EF-1A01DA86E5DF}.Release|Any CPU.Build.0 = Release|Any CPU
		{EEB25D87-91FE-44DA-A6EF-1A01DA86E5DF}.Release|x64.ActiveCfg = Release|Any CPU
		{EEB25D87-91FE-44DA-A6EF-1A01DA86E5DF}.Release|x64.Build.0 = Release|Any CPU
		{EEB25D87-91FE-44DA-A6EF-1A01DA86E5DF}.Release|x86.ActiveCfg = Release|Any CPU
		{EEB25D87-91FE-44DA-A6EF-1A01DA86E5DF}.Release|x86.Build.0 = Release|Any CPU
		{733B3143-822A-41B7-A021-9BF7AE84C2D5}.Debug|Any CPU.ActiveCfg = Debug|Any CPU
		{733B3143-822A-41B7-A021-9BF7AE84C2D5}.Debug|Any CPU.Build.0 = Debug|Any CPU
		{733B3143-822A-41B7-A021-9BF7AE84C2D5}.Debug|x64.ActiveCfg = Debug|Any CPU
		{733B3143-822A-41B7-A021-9BF7AE84C2D5}.Debug|x64.Build.0 = Debug|Any CPU
		{733B3143-822A-41B7-A021-9BF7AE84C2D5}.Debug|x86.ActiveCfg = Debug|Any CPU
		{733B3143-822A-41B7-A021-9BF7AE84C2D5}.Debug|x86.Build.0 = Debug|Any CPU
		{733B3143-822A-41B7-A021-9BF7AE84C2D5}.NuGet|Any CPU.ActiveCfg = Release|Any CPU
		{733B3143-822A-41B7-A021-9BF7AE84C2D5}.NuGet|Any CPU.Build.0 = Release|Any CPU
		{733B3143-822A-41B7-A021-9BF7AE84C2D5}.NuGet|x64.ActiveCfg = Release|Any CPU
		{733B3143-822A-41B7-A021-9BF7AE84C2D5}.NuGet|x64.Build.0 = Release|Any CPU
		{733B3143-822A-41B7-A021-9BF7AE84C2D5}.NuGet|x86.ActiveCfg = Release|Any CPU
		{733B3143-822A-41B7-A021-9BF7AE84C2D5}.NuGet|x86.Build.0 = Release|Any CPU
		{733B3143-822A-41B7-A021-9BF7AE84C2D5}.Release|Any CPU.ActiveCfg = Release|Any CPU
		{733B3143-822A-41B7-A021-9BF7AE84C2D5}.Release|Any CPU.Build.0 = Release|Any CPU
		{733B3143-822A-41B7-A021-9BF7AE84C2D5}.Release|x64.ActiveCfg = Release|Any CPU
		{733B3143-822A-41B7-A021-9BF7AE84C2D5}.Release|x64.Build.0 = Release|Any CPU
		{733B3143-822A-41B7-A021-9BF7AE84C2D5}.Release|x86.ActiveCfg = Release|Any CPU
		{733B3143-822A-41B7-A021-9BF7AE84C2D5}.Release|x86.Build.0 = Release|Any CPU
		{D5B98C37-3714-4935-A61C-B467011E25DA}.Debug|Any CPU.ActiveCfg = Debug|Any CPU
		{D5B98C37-3714-4935-A61C-B467011E25DA}.Debug|Any CPU.Build.0 = Debug|Any CPU
		{D5B98C37-3714-4935-A61C-B467011E25DA}.Debug|x64.ActiveCfg = Debug|Any CPU
		{D5B98C37-3714-4935-A61C-B467011E25DA}.Debug|x64.Build.0 = Debug|Any CPU
		{D5B98C37-3714-4935-A61C-B467011E25DA}.Debug|x86.ActiveCfg = Debug|Any CPU
		{D5B98C37-3714-4935-A61C-B467011E25DA}.Debug|x86.Build.0 = Debug|Any CPU
		{D5B98C37-3714-4935-A61C-B467011E25DA}.NuGet|Any CPU.ActiveCfg = Release|Any CPU
		{D5B98C37-3714-4935-A61C-B467011E25DA}.NuGet|Any CPU.Build.0 = Release|Any CPU
		{D5B98C37-3714-4935-A61C-B467011E25DA}.NuGet|x64.ActiveCfg = Release|Any CPU
		{D5B98C37-3714-4935-A61C-B467011E25DA}.NuGet|x64.Build.0 = Release|Any CPU
		{D5B98C37-3714-4935-A61C-B467011E25DA}.NuGet|x86.ActiveCfg = Release|Any CPU
		{D5B98C37-3714-4935-A61C-B467011E25DA}.NuGet|x86.Build.0 = Release|Any CPU
		{D5B98C37-3714-4935-A61C-B467011E25DA}.Release|Any CPU.ActiveCfg = Release|Any CPU
		{D5B98C37-3714-4935-A61C-B467011E25DA}.Release|Any CPU.Build.0 = Release|Any CPU
		{D5B98C37-3714-4935-A61C-B467011E25DA}.Release|x64.ActiveCfg = Release|Any CPU
		{D5B98C37-3714-4935-A61C-B467011E25DA}.Release|x64.Build.0 = Release|Any CPU
		{D5B98C37-3714-4935-A61C-B467011E25DA}.Release|x86.ActiveCfg = Release|Any CPU
		{D5B98C37-3714-4935-A61C-B467011E25DA}.Release|x86.Build.0 = Release|Any CPU
		{730CE1A8-6F93-424D-AAF1-057182BC21EF}.Debug|Any CPU.ActiveCfg = Debug|Any CPU
		{730CE1A8-6F93-424D-AAF1-057182BC21EF}.Debug|Any CPU.Build.0 = Debug|Any CPU
		{730CE1A8-6F93-424D-AAF1-057182BC21EF}.Debug|x64.ActiveCfg = Debug|Any CPU
		{730CE1A8-6F93-424D-AAF1-057182BC21EF}.Debug|x64.Build.0 = Debug|Any CPU
		{730CE1A8-6F93-424D-AAF1-057182BC21EF}.Debug|x86.ActiveCfg = Debug|Any CPU
		{730CE1A8-6F93-424D-AAF1-057182BC21EF}.Debug|x86.Build.0 = Debug|Any CPU
		{730CE1A8-6F93-424D-AAF1-057182BC21EF}.NuGet|Any CPU.ActiveCfg = Release|Any CPU
		{730CE1A8-6F93-424D-AAF1-057182BC21EF}.NuGet|Any CPU.Build.0 = Release|Any CPU
		{730CE1A8-6F93-424D-AAF1-057182BC21EF}.NuGet|x64.ActiveCfg = Release|Any CPU
		{730CE1A8-6F93-424D-AAF1-057182BC21EF}.NuGet|x64.Build.0 = Release|Any CPU
		{730CE1A8-6F93-424D-AAF1-057182BC21EF}.NuGet|x86.ActiveCfg = Release|Any CPU
		{730CE1A8-6F93-424D-AAF1-057182BC21EF}.NuGet|x86.Build.0 = Release|Any CPU
		{730CE1A8-6F93-424D-AAF1-057182BC21EF}.Release|Any CPU.ActiveCfg = Release|Any CPU
		{730CE1A8-6F93-424D-AAF1-057182BC21EF}.Release|Any CPU.Build.0 = Release|Any CPU
		{730CE1A8-6F93-424D-AAF1-057182BC21EF}.Release|x64.ActiveCfg = Release|Any CPU
		{730CE1A8-6F93-424D-AAF1-057182BC21EF}.Release|x64.Build.0 = Release|Any CPU
		{730CE1A8-6F93-424D-AAF1-057182BC21EF}.Release|x86.ActiveCfg = Release|Any CPU
		{730CE1A8-6F93-424D-AAF1-057182BC21EF}.Release|x86.Build.0 = Release|Any CPU
		{236485C2-A7BA-4DCD-808A-B3A634764402}.Debug|Any CPU.ActiveCfg = Debug|x86
		{236485C2-A7BA-4DCD-808A-B3A634764402}.Debug|Any CPU.Build.0 = Debug|x86
		{236485C2-A7BA-4DCD-808A-B3A634764402}.Debug|x64.ActiveCfg = Debug|x86
		{236485C2-A7BA-4DCD-808A-B3A634764402}.Debug|x86.ActiveCfg = Debug|x86
		{236485C2-A7BA-4DCD-808A-B3A634764402}.Debug|x86.Build.0 = Debug|x86
		{236485C2-A7BA-4DCD-808A-B3A634764402}.NuGet|Any CPU.ActiveCfg = NuGet|x86
		{236485C2-A7BA-4DCD-808A-B3A634764402}.NuGet|x64.ActiveCfg = NuGet|x86
		{236485C2-A7BA-4DCD-808A-B3A634764402}.NuGet|x86.ActiveCfg = NuGet|x86
		{236485C2-A7BA-4DCD-808A-B3A634764402}.NuGet|x86.Build.0 = NuGet|x86
		{236485C2-A7BA-4DCD-808A-B3A634764402}.Release|Any CPU.ActiveCfg = Release|x86
		{236485C2-A7BA-4DCD-808A-B3A634764402}.Release|x64.ActiveCfg = Release|x86
		{236485C2-A7BA-4DCD-808A-B3A634764402}.Release|x86.ActiveCfg = Release|x86
		{236485C2-A7BA-4DCD-808A-B3A634764402}.Release|x86.Build.0 = Release|x86
		{F0600D81-B0C6-436C-BF94-68AFB5A472C5}.Debug|Any CPU.ActiveCfg = Debug|Any CPU
		{F0600D81-B0C6-436C-BF94-68AFB5A472C5}.Debug|Any CPU.Build.0 = Debug|Any CPU
		{F0600D81-B0C6-436C-BF94-68AFB5A472C5}.Debug|x64.ActiveCfg = Debug|Any CPU
		{F0600D81-B0C6-436C-BF94-68AFB5A472C5}.Debug|x64.Build.0 = Debug|Any CPU
		{F0600D81-B0C6-436C-BF94-68AFB5A472C5}.Debug|x86.ActiveCfg = Debug|Any CPU
		{F0600D81-B0C6-436C-BF94-68AFB5A472C5}.Debug|x86.Build.0 = Debug|Any CPU
		{F0600D81-B0C6-436C-BF94-68AFB5A472C5}.NuGet|Any CPU.ActiveCfg = Release|Any CPU
		{F0600D81-B0C6-436C-BF94-68AFB5A472C5}.NuGet|Any CPU.Build.0 = Release|Any CPU
		{F0600D81-B0C6-436C-BF94-68AFB5A472C5}.NuGet|x64.ActiveCfg = Release|Any CPU
		{F0600D81-B0C6-436C-BF94-68AFB5A472C5}.NuGet|x64.Build.0 = Release|Any CPU
		{F0600D81-B0C6-436C-BF94-68AFB5A472C5}.NuGet|x86.ActiveCfg = Release|Any CPU
		{F0600D81-B0C6-436C-BF94-68AFB5A472C5}.NuGet|x86.Build.0 = Release|Any CPU
		{F0600D81-B0C6-436C-BF94-68AFB5A472C5}.Release|Any CPU.ActiveCfg = Release|Any CPU
		{F0600D81-B0C6-436C-BF94-68AFB5A472C5}.Release|Any CPU.Build.0 = Release|Any CPU
		{F0600D81-B0C6-436C-BF94-68AFB5A472C5}.Release|x64.ActiveCfg = Release|Any CPU
		{F0600D81-B0C6-436C-BF94-68AFB5A472C5}.Release|x64.Build.0 = Release|Any CPU
		{F0600D81-B0C6-436C-BF94-68AFB5A472C5}.Release|x86.ActiveCfg = Release|Any CPU
		{F0600D81-B0C6-436C-BF94-68AFB5A472C5}.Release|x86.Build.0 = Release|Any CPU
		{3364A51B-ACE9-44A9-9ECD-9CA5EB2248DF}.Debug|Any CPU.ActiveCfg = Debug|Any CPU
		{3364A51B-ACE9-44A9-9ECD-9CA5EB2248DF}.Debug|Any CPU.Build.0 = Debug|Any CPU
		{3364A51B-ACE9-44A9-9ECD-9CA5EB2248DF}.Debug|x64.ActiveCfg = Debug|Any CPU
		{3364A51B-ACE9-44A9-9ECD-9CA5EB2248DF}.Debug|x64.Build.0 = Debug|Any CPU
		{3364A51B-ACE9-44A9-9ECD-9CA5EB2248DF}.Debug|x86.ActiveCfg = Debug|Any CPU
		{3364A51B-ACE9-44A9-9ECD-9CA5EB2248DF}.Debug|x86.Build.0 = Debug|Any CPU
		{3364A51B-ACE9-44A9-9ECD-9CA5EB2248DF}.NuGet|Any CPU.ActiveCfg = Release|Any CPU
		{3364A51B-ACE9-44A9-9ECD-9CA5EB2248DF}.NuGet|Any CPU.Build.0 = Release|Any CPU
		{3364A51B-ACE9-44A9-9ECD-9CA5EB2248DF}.NuGet|x64.ActiveCfg = Release|Any CPU
		{3364A51B-ACE9-44A9-9ECD-9CA5EB2248DF}.NuGet|x64.Build.0 = Release|Any CPU
		{3364A51B-ACE9-44A9-9ECD-9CA5EB2248DF}.NuGet|x86.ActiveCfg = Release|Any CPU
		{3364A51B-ACE9-44A9-9ECD-9CA5EB2248DF}.NuGet|x86.Build.0 = Release|Any CPU
		{3364A51B-ACE9-44A9-9ECD-9CA5EB2248DF}.Release|Any CPU.ActiveCfg = Release|Any CPU
		{3364A51B-ACE9-44A9-9ECD-9CA5EB2248DF}.Release|Any CPU.Build.0 = Release|Any CPU
		{3364A51B-ACE9-44A9-9ECD-9CA5EB2248DF}.Release|x64.ActiveCfg = Release|Any CPU
		{3364A51B-ACE9-44A9-9ECD-9CA5EB2248DF}.Release|x64.Build.0 = Release|Any CPU
		{3364A51B-ACE9-44A9-9ECD-9CA5EB2248DF}.Release|x86.ActiveCfg = Release|Any CPU
		{3364A51B-ACE9-44A9-9ECD-9CA5EB2248DF}.Release|x86.Build.0 = Release|Any CPU
		{87B1482D-62BC-4524-BD81-8DE6F9F44FAE}.Debug|Any CPU.ActiveCfg = Debug|Any CPU
		{87B1482D-62BC-4524-BD81-8DE6F9F44FAE}.Debug|Any CPU.Build.0 = Debug|Any CPU
		{87B1482D-62BC-4524-BD81-8DE6F9F44FAE}.Debug|x64.ActiveCfg = Debug|Any CPU
		{87B1482D-62BC-4524-BD81-8DE6F9F44FAE}.Debug|x64.Build.0 = Debug|Any CPU
		{87B1482D-62BC-4524-BD81-8DE6F9F44FAE}.Debug|x86.ActiveCfg = Debug|Any CPU
		{87B1482D-62BC-4524-BD81-8DE6F9F44FAE}.Debug|x86.Build.0 = Debug|Any CPU
		{87B1482D-62BC-4524-BD81-8DE6F9F44FAE}.NuGet|Any CPU.ActiveCfg = Release|Any CPU
		{87B1482D-62BC-4524-BD81-8DE6F9F44FAE}.NuGet|Any CPU.Build.0 = Release|Any CPU
		{87B1482D-62BC-4524-BD81-8DE6F9F44FAE}.NuGet|x64.ActiveCfg = Release|Any CPU
		{87B1482D-62BC-4524-BD81-8DE6F9F44FAE}.NuGet|x64.Build.0 = Release|Any CPU
		{87B1482D-62BC-4524-BD81-8DE6F9F44FAE}.NuGet|x86.ActiveCfg = Release|Any CPU
		{87B1482D-62BC-4524-BD81-8DE6F9F44FAE}.NuGet|x86.Build.0 = Release|Any CPU
		{87B1482D-62BC-4524-BD81-8DE6F9F44FAE}.Release|Any CPU.ActiveCfg = Release|Any CPU
		{87B1482D-62BC-4524-BD81-8DE6F9F44FAE}.Release|Any CPU.Build.0 = Release|Any CPU
		{87B1482D-62BC-4524-BD81-8DE6F9F44FAE}.Release|x64.ActiveCfg = Release|Any CPU
		{87B1482D-62BC-4524-BD81-8DE6F9F44FAE}.Release|x64.Build.0 = Release|Any CPU
		{87B1482D-62BC-4524-BD81-8DE6F9F44FAE}.Release|x86.ActiveCfg = Release|Any CPU
		{87B1482D-62BC-4524-BD81-8DE6F9F44FAE}.Release|x86.Build.0 = Release|Any CPU
		{11A5855C-B12C-4F8D-B935-56F3D0B671C3}.Debug|Any CPU.ActiveCfg = Debug|Any CPU
		{11A5855C-B12C-4F8D-B935-56F3D0B671C3}.Debug|Any CPU.Build.0 = Debug|Any CPU
		{11A5855C-B12C-4F8D-B935-56F3D0B671C3}.Debug|x64.ActiveCfg = Debug|Any CPU
		{11A5855C-B12C-4F8D-B935-56F3D0B671C3}.Debug|x64.Build.0 = Debug|Any CPU
		{11A5855C-B12C-4F8D-B935-56F3D0B671C3}.Debug|x86.ActiveCfg = Debug|Any CPU
		{11A5855C-B12C-4F8D-B935-56F3D0B671C3}.Debug|x86.Build.0 = Debug|Any CPU
		{11A5855C-B12C-4F8D-B935-56F3D0B671C3}.NuGet|Any CPU.ActiveCfg = Release|Any CPU
		{11A5855C-B12C-4F8D-B935-56F3D0B671C3}.NuGet|Any CPU.Build.0 = Release|Any CPU
		{11A5855C-B12C-4F8D-B935-56F3D0B671C3}.NuGet|x64.ActiveCfg = Release|Any CPU
		{11A5855C-B12C-4F8D-B935-56F3D0B671C3}.NuGet|x64.Build.0 = Release|Any CPU
		{11A5855C-B12C-4F8D-B935-56F3D0B671C3}.NuGet|x86.ActiveCfg = Release|Any CPU
		{11A5855C-B12C-4F8D-B935-56F3D0B671C3}.NuGet|x86.Build.0 = Release|Any CPU
		{11A5855C-B12C-4F8D-B935-56F3D0B671C3}.Release|Any CPU.ActiveCfg = Release|Any CPU
		{11A5855C-B12C-4F8D-B935-56F3D0B671C3}.Release|Any CPU.Build.0 = Release|Any CPU
		{11A5855C-B12C-4F8D-B935-56F3D0B671C3}.Release|x64.ActiveCfg = Release|Any CPU
		{11A5855C-B12C-4F8D-B935-56F3D0B671C3}.Release|x64.Build.0 = Release|Any CPU
		{11A5855C-B12C-4F8D-B935-56F3D0B671C3}.Release|x86.ActiveCfg = Release|Any CPU
		{11A5855C-B12C-4F8D-B935-56F3D0B671C3}.Release|x86.Build.0 = Release|Any CPU
		{924E1768-4B76-4899-8B6F-9AC9CFB71128}.Debug|Any CPU.ActiveCfg = Debug|Any CPU
		{924E1768-4B76-4899-8B6F-9AC9CFB71128}.Debug|Any CPU.Build.0 = Debug|Any CPU
		{924E1768-4B76-4899-8B6F-9AC9CFB71128}.Debug|x64.ActiveCfg = Debug|Any CPU
		{924E1768-4B76-4899-8B6F-9AC9CFB71128}.Debug|x64.Build.0 = Debug|Any CPU
		{924E1768-4B76-4899-8B6F-9AC9CFB71128}.Debug|x86.ActiveCfg = Debug|Any CPU
		{924E1768-4B76-4899-8B6F-9AC9CFB71128}.Debug|x86.Build.0 = Debug|Any CPU
		{924E1768-4B76-4899-8B6F-9AC9CFB71128}.NuGet|Any CPU.ActiveCfg = Release|Any CPU
		{924E1768-4B76-4899-8B6F-9AC9CFB71128}.NuGet|Any CPU.Build.0 = Release|Any CPU
		{924E1768-4B76-4899-8B6F-9AC9CFB71128}.NuGet|x64.ActiveCfg = Release|Any CPU
		{924E1768-4B76-4899-8B6F-9AC9CFB71128}.NuGet|x64.Build.0 = Release|Any CPU
		{924E1768-4B76-4899-8B6F-9AC9CFB71128}.NuGet|x86.ActiveCfg = Release|Any CPU
		{924E1768-4B76-4899-8B6F-9AC9CFB71128}.NuGet|x86.Build.0 = Release|Any CPU
		{924E1768-4B76-4899-8B6F-9AC9CFB71128}.Release|Any CPU.ActiveCfg = Release|Any CPU
		{924E1768-4B76-4899-8B6F-9AC9CFB71128}.Release|Any CPU.Build.0 = Release|Any CPU
		{924E1768-4B76-4899-8B6F-9AC9CFB71128}.Release|x64.ActiveCfg = Release|Any CPU
		{924E1768-4B76-4899-8B6F-9AC9CFB71128}.Release|x64.Build.0 = Release|Any CPU
		{924E1768-4B76-4899-8B6F-9AC9CFB71128}.Release|x86.ActiveCfg = Release|Any CPU
		{924E1768-4B76-4899-8B6F-9AC9CFB71128}.Release|x86.Build.0 = Release|Any CPU
		{35253CE1-C864-4CD3-8249-4D1319748E8F}.Debug|Any CPU.ActiveCfg = Debug|Any CPU
		{35253CE1-C864-4CD3-8249-4D1319748E8F}.Debug|Any CPU.Build.0 = Debug|Any CPU
		{35253CE1-C864-4CD3-8249-4D1319748E8F}.Debug|x64.ActiveCfg = Debug|x64
		{35253CE1-C864-4CD3-8249-4D1319748E8F}.Debug|x64.Build.0 = Debug|x64
		{35253CE1-C864-4CD3-8249-4D1319748E8F}.Debug|x86.ActiveCfg = Debug|x86
		{35253CE1-C864-4CD3-8249-4D1319748E8F}.Debug|x86.Build.0 = Debug|x86
		{35253CE1-C864-4CD3-8249-4D1319748E8F}.NuGet|Any CPU.ActiveCfg = Release|Any CPU
		{35253CE1-C864-4CD3-8249-4D1319748E8F}.NuGet|Any CPU.Build.0 = Release|Any CPU
		{35253CE1-C864-4CD3-8249-4D1319748E8F}.NuGet|x64.ActiveCfg = Release|x64
		{35253CE1-C864-4CD3-8249-4D1319748E8F}.NuGet|x64.Build.0 = Release|x64
		{35253CE1-C864-4CD3-8249-4D1319748E8F}.NuGet|x86.ActiveCfg = Release|x86
		{35253CE1-C864-4CD3-8249-4D1319748E8F}.NuGet|x86.Build.0 = Release|x86
		{35253CE1-C864-4CD3-8249-4D1319748E8F}.Release|Any CPU.ActiveCfg = Release|Any CPU
		{35253CE1-C864-4CD3-8249-4D1319748E8F}.Release|Any CPU.Build.0 = Release|Any CPU
		{35253CE1-C864-4CD3-8249-4D1319748E8F}.Release|x64.ActiveCfg = Release|x64
		{35253CE1-C864-4CD3-8249-4D1319748E8F}.Release|x64.Build.0 = Release|x64
		{35253CE1-C864-4CD3-8249-4D1319748E8F}.Release|x86.ActiveCfg = Release|x86
		{35253CE1-C864-4CD3-8249-4D1319748E8F}.Release|x86.Build.0 = Release|x86
		{35EC5B5B-683E-4751-B2CD-E5753FCECA4A}.Debug|Any CPU.ActiveCfg = Debug|Any CPU
		{35EC5B5B-683E-4751-B2CD-E5753FCECA4A}.Debug|Any CPU.Build.0 = Debug|Any CPU
		{35EC5B5B-683E-4751-B2CD-E5753FCECA4A}.Debug|x64.ActiveCfg = Debug|Any CPU
		{35EC5B5B-683E-4751-B2CD-E5753FCECA4A}.Debug|x64.Build.0 = Debug|Any CPU
		{35EC5B5B-683E-4751-B2CD-E5753FCECA4A}.Debug|x86.ActiveCfg = Debug|Any CPU
		{35EC5B5B-683E-4751-B2CD-E5753FCECA4A}.Debug|x86.Build.0 = Debug|Any CPU
		{35EC5B5B-683E-4751-B2CD-E5753FCECA4A}.NuGet|Any CPU.ActiveCfg = Release|Any CPU
		{35EC5B5B-683E-4751-B2CD-E5753FCECA4A}.NuGet|Any CPU.Build.0 = Release|Any CPU
		{35EC5B5B-683E-4751-B2CD-E5753FCECA4A}.NuGet|x64.ActiveCfg = Release|Any CPU
		{35EC5B5B-683E-4751-B2CD-E5753FCECA4A}.NuGet|x64.Build.0 = Release|Any CPU
		{35EC5B5B-683E-4751-B2CD-E5753FCECA4A}.NuGet|x86.ActiveCfg = Release|Any CPU
		{35EC5B5B-683E-4751-B2CD-E5753FCECA4A}.NuGet|x86.Build.0 = Release|Any CPU
		{35EC5B5B-683E-4751-B2CD-E5753FCECA4A}.Release|Any CPU.ActiveCfg = Release|Any CPU
		{35EC5B5B-683E-4751-B2CD-E5753FCECA4A}.Release|Any CPU.Build.0 = Release|Any CPU
		{35EC5B5B-683E-4751-B2CD-E5753FCECA4A}.Release|x64.ActiveCfg = Release|Any CPU
		{35EC5B5B-683E-4751-B2CD-E5753FCECA4A}.Release|x64.Build.0 = Release|Any CPU
		{35EC5B5B-683E-4751-B2CD-E5753FCECA4A}.Release|x86.ActiveCfg = Release|Any CPU
		{35EC5B5B-683E-4751-B2CD-E5753FCECA4A}.Release|x86.Build.0 = Release|Any CPU
	EndGlobalSection
	GlobalSection(SolutionProperties) = preSolution
		HideSolutionNode = FALSE
	EndGlobalSection
EndGlobal
